
Microsoft Visual Studio Solution File, Format Version 12.00
# Visual Studio Version 16
VisualStudioVersion = 16.0.29613.14
MinimumVisualStudioVersion = 10.0.40219.1
Project("{8BC9CEB8-8B4A-11D0-8D11-00A0C91BC942}") = "Method of Bisection", "Method of Bisection.vcxproj", "{A4A4C1F6-B00B-4689-87EA-F45A7E7CDE0E}"
EndProject
Global
	GlobalSection(SolutionConfigurationPlatforms) = preSolution
		Debug|x64 = Debug|x64
		Debug|x86 = Debug|x86
		Release|x64 = Release|x64
		Release|x86 = Release|x86
	EndGlobalSection
	GlobalSection(ProjectConfigurationPlatforms) = postSolution
		{A4A4C1F6-B00B-4689-87EA-F45A7E7CDE0E}.Debug|x64.ActiveCfg = Debug|x64
		{A4A4C1F6-B00B-4689-87EA-F45A7E7CDE0E}.Debug|x64.Build.0 = Debug|x64
		{A4A4C1F6-B00B-4689-87EA-F45A7E7CDE0E}.Debug|x86.ActiveCfg = Debug|Win32
		{A4A4C1F6-B00B-4689-87EA-F45A7E7CDE0E}.Debug|x86.Build.0 = Debug|Win32
		{A4A4C1F6-B00B-4689-87EA-F45A7E7CDE0E}.Release|x64.ActiveCfg = Release|x64
		{A4A4C1F6-B00B-4689-87EA-F45A7E7CDE0E}.Release|x64.Build.0 = Release|x64
		{A4A4C1F6-B00B-4689-87EA-F45A7E7CDE0E}.Release|x86.ActiveCfg = Release|Win32
		{A4A4C1F6-B00B-4689-87EA-F45A7E7CDE0E}.Release|x86.Build.0 = Release|Win32
	EndGlobalSection
	GlobalSection(SolutionProperties) = preSolution
		HideSolutionNode = FALSE
	EndGlobalSection
	GlobalSection(ExtensibilityGlobals) = postSolution
		SolutionGuid = {03EA512B-8877-4445-B185-2DA9DBD622F8}
	EndGlobalSection
EndGlobal
